// !$*UTF8*$!
{
	archiveVersion = 1;
	classes = {
	};
	objectVersion = 55;
	objects = {

/* Begin PBXBuildFile section */
		8419102827BF7BAD003F17D3 /* FFF_Tusj.ttf in Resources */ = {isa = PBXBuildFile; fileRef = 8419102727BF7BAD003F17D3 /* FFF_Tusj.ttf */; };
		84D2516827BC822700F0AD23 /* AppDelegate.swift in Sources */ = {isa = PBXBuildFile; fileRef = 84D2516727BC822700F0AD23 /* AppDelegate.swift */; };
		84D2516A27BC822700F0AD23 /* SceneDelegate.swift in Sources */ = {isa = PBXBuildFile; fileRef = 84D2516927BC822700F0AD23 /* SceneDelegate.swift */; };
		84D2516C27BC822700F0AD23 /* ViewController.swift in Sources */ = {isa = PBXBuildFile; fileRef = 84D2516B27BC822700F0AD23 /* ViewController.swift */; };
		84D2516F27BC822700F0AD23 /* Main.storyboard in Resources */ = {isa = PBXBuildFile; fileRef = 84D2516D27BC822700F0AD23 /* Main.storyboard */; };
		84D2517127BC822900F0AD23 /* Assets.xcassets in Resources */ = {isa = PBXBuildFile; fileRef = 84D2517027BC822900F0AD23 /* Assets.xcassets */; };
		84D2517427BC822900F0AD23 /* LaunchScreen.storyboard in Resources */ = {isa = PBXBuildFile; fileRef = 84D2517227BC822900F0AD23 /* LaunchScreen.storyboard */; };
		84D2517F27BC822900F0AD23 /* assignment1Tests.swift in Sources */ = {isa = PBXBuildFile; fileRef = 84D2517E27BC822900F0AD23 /* assignment1Tests.swift */; };
		84D2518927BC822900F0AD23 /* assignment1UITests.swift in Sources */ = {isa = PBXBuildFile; fileRef = 84D2518827BC822900F0AD23 /* assignment1UITests.swift */; };
		84D2518B27BC822900F0AD23 /* assignment1UITestsLaunchTests.swift in Sources */ = {isa = PBXBuildFile; fileRef = 84D2518A27BC822900F0AD23 /* assignment1UITestsLaunchTests.swift */; };
/* End PBXBuildFile section */

/* Begin PBXContainerItemProxy section */
		84D2517B27BC822900F0AD23 /* PBXContainerItemProxy */ = {
			isa = PBXContainerItemProxy;
			containerPortal = 84D2515C27BC822700F0AD23 /* Project object */;
			proxyType = 1;
			remoteGlobalIDString = 84D2516327BC822700F0AD23;
			remoteInfo = assignment1;
		};
		84D2518527BC822900F0AD23 /* PBXContainerItemProxy */ = {
			isa = PBXContainerItemProxy;
			containerPortal = 84D2515C27BC822700F0AD23 /* Project object */;
			proxyType = 1;
			remoteGlobalIDString = 84D2516327BC822700F0AD23;
			remoteInfo = assignment1;
		};
/* End PBXContainerItemProxy section */

/* Begin PBXFileReference section */
		8419102727BF7BAD003F17D3 /* FFF_Tusj.ttf */ = {isa = PBXFileReference; lastKnownFileType = file; name = FFF_Tusj.ttf; path = ../../tusj/FFF_Tusj.ttf; sourceTree = "<group>"; };
		84D2516427BC822700F0AD23 /* assignment1.app */ = {isa = PBXFileReference; explicitFileType = wrapper.application; includeInIndex = 0; path = assignment1.app; sourceTree = BUILT_PRODUCTS_DIR; };
		84D2516727BC822700F0AD23 /* AppDelegate.swift */ = {isa = PBXFileReference; lastKnownFileType = sourcecode.swift; path = AppDelegate.swift; sourceTree = "<group>"; };
		84D2516927BC822700F0AD23 /* SceneDelegate.swift */ = {isa = PBXFileReference; lastKnownFileType = sourcecode.swift; path = SceneDelegate.swift; sourceTree = "<group>"; };
		84D2516B27BC822700F0AD23 /* ViewController.swift */ = {isa = PBXFileReference; lastKnownFileType = sourcecode.swift; path = ViewController.swift; sourceTree = "<group>"; };
		84D2516E27BC822700F0AD23 /* Base */ = {isa = PBXFileReference; lastKnownFileType = file.storyboard; name = Base; path = Base.lproj/Main.storyboard; sourceTree = "<group>"; };
		84D2517027BC822900F0AD23 /* Assets.xcassets */ = {isa = PBXFileReference; lastKnownFileType = folder.assetcatalog; path = Assets.xcassets; sourceTree = "<group>"; };
		84D2517327BC822900F0AD23 /* Base */ = {isa = PBXFileReference; lastKnownFileType = file.storyboard; name = Base; path = Base.lproj/LaunchScreen.storyboard; sourceTree = "<group>"; };
		84D2517527BC822900F0AD23 /* Info.plist */ = {isa = PBXFileReference; lastKnownFileType = text.plist.xml; path = Info.plist; sourceTree = "<group>"; };
		84D2517A27BC822900F0AD23 /* assignment1Tests.xctest */ = {isa = PBXFileReference; explicitFileType = wrapper.cfbundle; includeInIndex = 0; path = assignment1Tests.xctest; sourceTree = BUILT_PRODUCTS_DIR; };
		84D2517E27BC822900F0AD23 /* assignment1Tests.swift */ = {isa = PBXFileReference; lastKnownFileType = sourcecode.swift; path = assignment1Tests.swift; sourceTree = "<group>"; };
		84D2518427BC822900F0AD23 /* assignment1UITests.xctest */ = {isa = PBXFileReference; explicitFileType = wrapper.cfbundle; includeInIndex = 0; path = assignment1UITests.xctest; sourceTree = BUILT_PRODUCTS_DIR; };
		84D2518827BC822900F0AD23 /* assignment1UITests.swift */ = {isa = PBXFileReference; lastKnownFileType = sourcecode.swift; path = assignment1UITests.swift; sourceTree = "<group>"; };
		84D2518A27BC822900F0AD23 /* assignment1UITestsLaunchTests.swift */ = {isa = PBXFileReference; lastKnownFileType = sourcecode.swift; path = assignment1UITestsLaunchTests.swift; sourceTree = "<group>"; };
/* End PBXFileReference section */

/* Begin PBXFrameworksBuildPhase section */
		84D2516127BC822700F0AD23 /* Frameworks */ = {
			isa = PBXFrameworksBuildPhase;
			buildActionMask = 2147483647;
			files = (
			);
			runOnlyForDeploymentPostprocessing = 0;
		};
		84D2517727BC822900F0AD23 /* Frameworks */ = {
			isa = PBXFrameworksBuildPhase;
			buildActionMask = 2147483647;
			files = (
			);
			runOnlyForDeploymentPostprocessing = 0;
		};
		84D2518127BC822900F0AD23 /* Frameworks */ = {
			isa = PBXFrameworksBuildPhase;
			buildActionMask = 2147483647;
			files = (
			);
			runOnlyForDeploymentPostprocessing = 0;
		};
/* End PBXFrameworksBuildPhase section */

/* Begin PBXGroup section */
		84D2515B27BC822700F0AD23 = {
			isa = PBXGroup;
			children = (
				84D2516627BC822700F0AD23 /* assignment1 */,
				84D2517D27BC822900F0AD23 /* assignment1Tests */,
				84D2518727BC822900F0AD23 /* assignment1UITests */,
				84D2516527BC822700F0AD23 /* Products */,
			);
			sourceTree = "<group>";
		};
		84D2516527BC822700F0AD23 /* Products */ = {
			isa = PBXGroup;
			children = (
				84D2516427BC822700F0AD23 /* assignment1.app */,
				84D2517A27BC822900F0AD23 /* assignment1Tests.xctest */,
				84D2518427BC822900F0AD23 /* assignment1UITests.xctest */,
			);
			name = Products;
			sourceTree = "<group>";
		};
		84D2516627BC822700F0AD23 /* assignment1 */ = {
			isa = PBXGroup;
			children = (
				84D2516727BC822700F0AD23 /* AppDelegate.swift */,
				84D2516927BC822700F0AD23 /* SceneDelegate.swift */,
				84D2516B27BC822700F0AD23 /* ViewController.swift */,
				84D2516D27BC822700F0AD23 /* Main.storyboard */,
				8419102727BF7BAD003F17D3 /* FFF_Tusj.ttf */,
				84D2517027BC822900F0AD23 /* Assets.xcassets */,
				84D2517227BC822900F0AD23 /* LaunchScreen.storyboard */,
				84D2517527BC822900F0AD23 /* Info.plist */,
			);
			path = assignment1;
			sourceTree = "<group>";
		};
		84D2517D27BC822900F0AD23 /* assignment1Tests */ = {
			isa = PBXGroup;
			children = (
				84D2517E27BC822900F0AD23 /* assignment1Tests.swift */,
			);
			path = assignment1Tests;
			sourceTree = "<group>";
		};
		84D2518727BC822900F0AD23 /* assignment1UITests */ = {
			isa = PBXGroup;
			children = (
				84D2518827BC822900F0AD23 /* assignment1UITests.swift */,
				84D2518A27BC822900F0AD23 /* assignment1UITestsLaunchTests.swift */,
			);
			path = assignment1UITests;
			sourceTree = "<group>";
		};
/* End PBXGroup section */

/* Begin PBXNativeTarget section */
		84D2516327BC822700F0AD23 /* assignment1 */ = {
			isa = PBXNativeTarget;
			buildConfigurationList = 84D2518E27BC822900F0AD23 /* Build configuration list for PBXNativeTarget "assignment1" */;
			buildPhases = (
				84D2516027BC822700F0AD23 /* Sources */,
				84D2516127BC822700F0AD23 /* Frameworks */,
				84D2516227BC822700F0AD23 /* Resources */,
			);
			buildRules = (
			);
			dependencies = (
			);
			name = assignment1;
			productName = assignment1;
			productReference = 84D2516427BC822700F0AD23 /* assignment1.app */;
			productType = "com.apple.product-type.application";
		};
		84D2517927BC822900F0AD23 /* assignment1Tests */ = {
			isa = PBXNativeTarget;
			buildConfigurationList = 84D2519127BC822900F0AD23 /* Build configuration list for PBXNativeTarget "assignment1Tests" */;
			buildPhases = (
				84D2517627BC822900F0AD23 /* Sources */,
				84D2517727BC822900F0AD23 /* Frameworks */,
				84D2517827BC822900F0AD23 /* Resources */,
			);
			buildRules = (
			);
			dependencies = (
				84D2517C27BC822900F0AD23 /* PBXTargetDependency */,
			);
			name = assignment1Tests;
			productName = assignment1Tests;
			productReference = 84D2517A27BC822900F0AD23 /* assignment1Tests.xctest */;
			productType = "com.apple.product-type.bundle.unit-test";
		};
		84D2518327BC822900F0AD23 /* assignment1UITests */ = {
			isa = PBXNativeTarget;
			buildConfigurationList = 84D2519427BC822900F0AD23 /* Build configuration list for PBXNativeTarget "assignment1UITests" */;
			buildPhases = (
				84D2518027BC822900F0AD23 /* Sources */,
				84D2518127BC822900F0AD23 /* Frameworks */,
				84D2518227BC822900F0AD23 /* Resources */,
			);
			buildRules = (
			);
			dependencies = (
				84D2518627BC822900F0AD23 /* PBXTargetDependency */,
			);
			name = assignment1UITests;
			productName = assignment1UITests;
			productReference = 84D2518427BC822900F0AD23 /* assignment1UITests.xctest */;
			productType = "com.apple.product-type.bundle.ui-testing";
		};
/* End PBXNativeTarget section */

/* Begin PBXProject section */
		84D2515C27BC822700F0AD23 /* Project object */ = {
			isa = PBXProject;
			attributes = {
				BuildIndependentTargetsInParallel = 1;
				LastSwiftUpdateCheck = 1320;
				LastUpgradeCheck = 1320;
				TargetAttributes = {
					84D2516327BC822700F0AD23 = {
						CreatedOnToolsVersion = 13.2.1;
					};
					84D2517927BC822900F0AD23 = {
						CreatedOnToolsVersion = 13.2.1;
						TestTargetID = 84D2516327BC822700F0AD23;
					};
					84D2518327BC822900F0AD23 = {
						CreatedOnToolsVersion = 13.2.1;
						TestTargetID = 84D2516327BC822700F0AD23;
					};
				};
			};
			buildConfigurationList = 84D2515F27BC822700F0AD23 /* Build configuration list for PBXProject "assignment1" */;
			compatibilityVersion = "Xcode 13.0";
			developmentRegion = en;
			hasScannedForEncodings = 0;
			knownRegions = (
				en,
				Base,
			);
			mainGroup = 84D2515B27BC822700F0AD23;
			productRefGroup = 84D2516527BC822700F0AD23 /* Products */;
			projectDirPath = "";
			projectRoot = "";
			targets = (
				84D2516327BC822700F0AD23 /* assignment1 */,
				84D2517927BC822900F0AD23 /* assignment1Tests */,
				84D2518327BC822900F0AD23 /* assignment1UITests */,
			);
		};
/* End PBXProject section */

/* Begin PBXResourcesBuildPhase section */
		84D2516227BC822700F0AD23 /* Resources */ = {
			isa = PBXResourcesBuildPhase;
			buildActionMask = 2147483647;
			files = (
				84D2517427BC822900F0AD23 /* LaunchScreen.storyboard in Resources */,
				84D2517127BC822900F0AD23 /* Assets.xcassets in Resources */,
				84D2516F27BC822700F0AD23 /* Main.storyboard in Resources */,
				8419102827BF7BAD003F17D3 /* FFF_Tusj.ttf in Resources */,
			);
			runOnlyForDeploymentPostprocessing = 0;
		};
		84D2517827BC822900F0AD23 /* Resources */ = {
			isa = PBXResourcesBuildPhase;
			buildActionMask = 2147483647;
			files = (
			);
			runOnlyForDeploymentPostprocessing = 0;
		};
		84D2518227BC822900F0AD23 /* Resources */ = {
			isa = PBXResourcesBuildPhase;
			buildActionMask = 2147483647;
			files = (
			);
			runOnlyForDeploymentPostprocessing = 0;
		};
/* End PBXResourcesBuildPhase section */

/* Begin PBXSourcesBuildPhase section */
		84D2516027BC822700F0AD23 /* Sources */ = {
			isa = PBXSourcesBuildPhase;
			buildActionMask = 2147483647;
			files = (
				84D2516C27BC822700F0AD23 /* ViewController.swift in Sources */,
				84D2516827BC822700F0AD23 /* AppDelegate.swift in Sources */,
				84D2516A27BC822700F0AD23 /* SceneDelegate.swift in Sources */,
			);
			runOnlyForDeploymentPostprocessing = 0;
		};
		84D2517627BC822900F0AD23 /* Sources */ = {
			isa = PBXSourcesBuildPhase;
			buildActionMask = 2147483647;
			files = (
				84D2517F27BC822900F0AD23 /* assignment1Tests.swift in Sources */,
			);
			runOnlyForDeploymentPostprocessing = 0;
		};
		84D2518027BC822900F0AD23 /* Sources */ = {
			isa = PBXSourcesBuildPhase;
			buildActionMask = 2147483647;
			files = (
				84D2518927BC822900F0AD23 /* assignment1UITests.swift in Sources */,
				84D2518B27BC822900F0AD23 /* assignment1UITestsLaunchTests.swift in Sources */,
			);
			runOnlyForDeploymentPostprocessing = 0;
		};
/* End PBXSourcesBuildPhase section */

/* Begin PBXTargetDependency section */
		84D2517C27BC822900F0AD23 /* PBXTargetDependency */ = {
			isa = PBXTargetDependency;
			target = 84D2516327BC822700F0AD23 /* assignment1 */;
			targetProxy = 84D2517B27BC822900F0AD23 /* PBXContainerItemProxy */;
		};
		84D2518627BC822900F0AD23 /* PBXTargetDependency */ = {
			isa = PBXTargetDependency;
			target = 84D2516327BC822700F0AD23 /* assignment1 */;
			targetProxy = 84D2518527BC822900F0AD23 /* PBXContainerItemProxy */;
		};
/* End PBXTargetDependency section */

/* Begin PBXVariantGroup section */
		84D2516D27BC822700F0AD23 /* Main.storyboard */ = {
			isa = PBXVariantGroup;
			children = (
				84D2516E27BC822700F0AD23 /* Base */,
			);
			name = Main.storyboard;
			sourceTree = "<group>";
		};
		84D2517227BC822900F0AD23 /* LaunchScreen.storyboard */ = {
			isa = PBXVariantGroup;
			children = (
				84D2517327BC822900F0AD23 /* Base */,
			);
			name = LaunchScreen.storyboard;
			sourceTree = "<group>";
		};
/* End PBXVariantGroup section */

/* Begin XCBuildConfiguration section */
		84D2518C27BC822900F0AD23 /* Debug */ = {
			isa = XCBuildConfiguration;
			buildSettings = {
				ALWAYS_SEARCH_USER_PATHS = NO;
				CLANG_ANALYZER_NONNULL = YES;
				CLANG_ANALYZER_NUMBER_OBJECT_CONVERSION = YES_AGGRESSIVE;
				CLANG_CXX_LANGUAGE_STANDARD = "gnu++17";
				CLANG_CXX_LIBRARY = "libc++";
				CLANG_ENABLE_MODULES = YES;
				CLANG_ENABLE_OBJC_ARC = YES;
				CLANG_ENABLE_OBJC_WEAK = YES;
				CLANG_WARN_BLOCK_CAPTURE_AUTORELEASING = YES;
				CLANG_WARN_BOOL_CONVERSION = YES;
				CLANG_WARN_COMMA = YES;
				CLANG_WARN_CONSTANT_CONVERSION = YES;
				CLANG_WARN_DEPRECATED_OBJC_IMPLEMENTATIONS = YES;
				CLANG_WARN_DIRECT_OBJC_ISA_USAGE = YES_ERROR;
				CLANG_WARN_DOCUMENTATION_COMMENTS = YES;
				CLANG_WARN_EMPTY_BODY = YES;
				CLANG_WARN_ENUM_CONVERSION = YES;
				CLANG_WARN_INFINITE_RECURSION = YES;
				CLANG_WARN_INT_CONVERSION = YES;
				CLANG_WARN_NON_LITERAL_NULL_CONVERSION = YES;
				CLANG_WARN_OBJC_IMPLICIT_RETAIN_SELF = YES;
				CLANG_WARN_OBJC_LITERAL_CONVERSION = YES;
				CLANG_WARN_OBJC_ROOT_CLASS = YES_ERROR;
				CLANG_WARN_QUOTED_INCLUDE_IN_FRAMEWORK_HEADER = YES;
				CLANG_WARN_RANGE_LOOP_ANALYSIS = YES;
				CLANG_WARN_STRICT_PROTOTYPES = YES;
				CLANG_WARN_SUSPICIOUS_MOVE = YES;
				CLANG_WARN_UNGUARDED_AVAILABILITY = YES_AGGRESSIVE;
				CLANG_WARN_UNREACHABLE_CODE = YES;
				CLANG_WARN__DUPLICATE_METHOD_MATCH = YES;
				COPY_PHASE_STRIP = NO;
				DEBUG_INFORMATION_FORMAT = dwarf;
				ENABLE_STRICT_OBJC_MSGSEND = YES;
				ENABLE_TESTABILITY = YES;
				GCC_C_LANGUAGE_STANDARD = gnu11;
				GCC_DYNAMIC_NO_PIC = NO;
				GCC_NO_COMMON_BLOCKS = YES;
				GCC_OPTIMIZATION_LEVEL = 0;
				GCC_PREPROCESSOR_DEFINITIONS = (
					"DEBUG=1",
					"$(inherited)",
				);
				GCC_WARN_64_TO_32_BIT_CONVERSION = YES;
				GCC_WARN_ABOUT_RETURN_TYPE = YES_ERROR;
				GCC_WARN_UNDECLARED_SELECTOR = YES;
				GCC_WARN_UNINITIALIZED_AUTOS = YES_AGGRESSIVE;
				GCC_WARN_UNUSED_FUNCTION = YES;
				GCC_WARN_UNUSED_VARIABLE = YES;
				IPHONEOS_DEPLOYMENT_TARGET = 15.2;
				MTL_ENABLE_DEBUG_INFO = INCLUDE_SOURCE;
				MTL_FAST_MATH = YES;
				ONLY_ACTIVE_ARCH = YES;
				SDKROOT = iphoneos;
				SWIFT_ACTIVE_COMPILATION_CONDITIONS = DEBUG;
				SWIFT_OPTIMIZATION_LEVEL = "-Onone";
			};
			name = Debug;
		};
		84D2518D27BC822900F0AD23 /* Release */ = {
			isa = XCBuildConfiguration;
			buildSettings = {
				ALWAYS_SEARCH_USER_PATHS = NO;
				CLANG_ANALYZER_NONNULL = YES;
				CLANG_ANALYZER_NUMBER_OBJECT_CONVERSION = YES_AGGRESSIVE;
				CLANG_CXX_LANGUAGE_STANDARD = "gnu++17";
				CLANG_CXX_LIBRARY = "libc++";
				CLANG_ENABLE_MODULES = YES;
				CLANG_ENABLE_OBJC_ARC = YES;
				CLANG_ENABLE_OBJC_WEAK = YES;
				CLANG_WARN_BLOCK_CAPTURE_AUTORELEASING = YES;
				CLANG_WARN_BOOL_CONVERSION = YES;
				CLANG_WARN_COMMA = YES;
				CLANG_WARN_CONSTANT_CONVERSION = YES;
				CLANG_WARN_DEPRECATED_OBJC_IMPLEMENTATIONS = YES;
				CLANG_WARN_DIRECT_OBJC_ISA_USAGE = YES_ERROR;
				CLANG_WARN_DOCUMENTATION_COMMENTS = YES;
				CLANG_WARN_EMPTY_BODY = YES;
				CLANG_WARN_ENUM_CONVERSION = YES;
				CLANG_WARN_INFINITE_RECURSION = YES;
				CLANG_WARN_INT_CONVERSION = YES;
				CLANG_WARN_NON_LITERAL_NULL_CONVERSION = YES;
				CLANG_WARN_OBJC_IMPLICIT_RETAIN_SELF = YES;
				CLANG_WARN_OBJC_LITERAL_CONVERSION = YES;
				CLANG_WARN_OBJC_ROOT_CLASS = YES_ERROR;
				CLANG_WARN_QUOTED_INCLUDE_IN_FRAMEWORK_HEADER = YES;
				CLANG_WARN_RANGE_LOOP_ANALYSIS = YES;
				CLANG_WARN_STRICT_PROTOTYPES = YES;
				CLANG_WARN_SUSPICIOUS_MOVE = YES;
				CLANG_WARN_UNGUARDED_AVAILABILITY = YES_AGGRESSIVE;
				CLANG_WARN_UNREACHABLE_CODE = YES;
				CLANG_WARN__DUPLICATE_METHOD_MATCH = YES;
				COPY_PHASE_STRIP = NO;
				DEBUG_INFORMATION_FORMAT = "dwarf-with-dsym";
				ENABLE_NS_ASSERTIONS = NO;
				ENABLE_STRICT_OBJC_MSGSEND = YES;
				GCC_C_LANGUAGE_STANDARD = gnu11;
				GCC_NO_COMMON_BLOCKS = YES;
				GCC_WARN_64_TO_32_BIT_CONVERSION = YES;
				GCC_WARN_ABOUT_RETURN_TYPE = YES_ERROR;
				GCC_WARN_UNDECLARED_SELECTOR = YES;
				GCC_WARN_UNINITIALIZED_AUTOS = YES_AGGRESSIVE;
				GCC_WARN_UNUSED_FUNCTION = YES;
				GCC_WARN_UNUSED_VARIABLE = YES;
				IPHONEOS_DEPLOYMENT_TARGET = 15.2;
				MTL_ENABLE_DEBUG_INFO = NO;
				MTL_FAST_MATH = YES;
				SDKROOT = iphoneos;
				SWIFT_COMPILATION_MODE = wholemodule;
				SWIFT_OPTIMIZATION_LEVEL = "-O";
				VALIDATE_PRODUCT = YES;
			};
			name = Release;
		};
		84D2518F27BC822900F0AD23 /* Debug */ = {
			isa = XCBuildConfiguration;
			buildSettings = {
				ASSETCATALOG_COMPILER_APPICON_NAME = AppIcon;
				ASSETCATALOG_COMPILER_GLOBAL_ACCENT_COLOR_NAME = AccentColor;
				CODE_SIGN_STYLE = Automatic;
				CURRENT_PROJECT_VERSION = 1;
				GENERATE_INFOPLIST_FILE = YES;
				INFOPLIST_FILE = assignment1/Info.plist;
				INFOPLIST_KEY_UIApplicationSupportsIndirectInputEvents = YES;
				INFOPLIST_KEY_UILaunchStoryboardName = LaunchScreen;
				INFOPLIST_KEY_UIMainStoryboardFile = Main;
				INFOPLIST_KEY_UISupportedInterfaceOrientations_iPad = "UIInterfaceOrientationPortrait UIInterfaceOrientationPortraitUpsideDown UIInterfaceOrientationLandscapeLeft UIInterfaceOrientationLandscapeRight";
				INFOPLIST_KEY_UISupportedInterfaceOrientations_iPhone = "UIInterfaceOrientationPortrait UIInterfaceOrientationLandscapeLeft UIInterfaceOrientationLandscapeRight";
				LD_RUNPATH_SEARCH_PATHS = (
					"$(inherited)",
					"@executable_path/Frameworks",
				);
				MARKETING_VERSION = 1.0;
				PRODUCT_BUNDLE_IDENTIFIER = austinaj2.assignment1;
				PRODUCT_NAME = "$(TARGET_NAME)";
				SWIFT_EMIT_LOC_STRINGS = YES;
				SWIFT_VERSION = 5.0;
				TARGETED_DEVICE_FAMILY = "1,2";
			};
			name = Debug;
		};
		84D2519027BC822900F0AD23 /* Release */ = {
			isa = XCBuildConfiguration;
			buildSettings = {
				ASSETCATALOG_COMPILER_APPICON_NAME = AppIcon;
				ASSETCATALOG_COMPILER_GLOBAL_ACCENT_COLOR_NAME = AccentColor;
				CODE_SIGN_STYLE = Automatic;
				CURRENT_PROJECT_VERSION = 1;
				GENERATE_INFOPLIST_FILE = YES;
				INFOPLIST_FILE = assignment1/Info.plist;
				INFOPLIST_KEY_UIApplicationSupportsIndirectInputEvents = YES;
				INFOPLIST_KEY_UILaunchStoryboardName = LaunchScreen;
				INFOPLIST_KEY_UIMainStoryboardFile = Main;
				INFOPLIST_KEY_UISupportedInterfaceOrientations_iPad = "UIInterfaceOrientationPortrait UIInterfaceOrientationPortraitUpsideDown UIInterfaceOrientationLandscapeLeft UIInterfaceOrientationLandscapeRight";
				INFOPLIST_KEY_UISupportedInterfaceOrientations_iPhone = "UIInterfaceOrientationPortrait UIInterfaceOrientationLandscapeLeft UIInterfaceOrientationLandscapeRight";
				LD_RUNPATH_SEARCH_PATHS = (
					"$(inherited)",
					"@executable_path/Frameworks",
				);
				MARKETING_VERSION = 1.0;
				PRODUCT_BUNDLE_IDENTIFIER = austinaj2.assignment1;
				PRODUCT_NAME = "$(TARGET_NAME)";
				SWIFT_EMIT_LOC_STRINGS = YES;
				SWIFT_VERSION = 5.0;
				TARGETED_DEVICE_FAMILY = "1,2";
			};
			name = Release;
		};
		84D2519227BC822900F0AD23 /* Debug */ = {
			isa = XCBuildConfiguration;
			buildSettings = {
				ALWAYS_EMBED_SWIFT_STANDARD_LIBRARIES = YES;
				BUNDLE_LOADER = "$(TEST_HOST)";
				CODE_SIGN_STYLE = Automatic;
				CURRENT_PROJECT_VERSION = 1;
				GENERATE_INFOPLIST_FILE = YES;
				IPHONEOS_DEPLOYMENT_TARGET = 15.2;
				MARKETING_VERSION = 1.0;
				PRODUCT_BUNDLE_IDENTIFIER = austinaj2.assignment1Tests;
				PRODUCT_NAME = "$(TARGET_NAME)";
				SWIFT_EMIT_LOC_STRINGS = NO;
				SWIFT_VERSION = 5.0;
				TARGETED_DEVICE_FAMILY = "1,2";
				TEST_HOST = "$(BUILT_PRODUCTS_DIR)/assignment1.app/assignment1";
			};
			name = Debug;
		};
		84D2519327BC822900F0AD23 /* Release */ = {
			isa = XCBuildConfiguration;
			buildSettings = {
				ALWAYS_EMBED_SWIFT_STANDARD_LIBRARIES = YES;
				BUNDLE_LOADER = "$(TEST_HOST)";
				CODE_SIGN_STYLE = Automatic;
				CURRENT_PROJECT_VERSION = 1;
				GENERATE_INFOPLIST_FILE = YES;
				IPHONEOS_DEPLOYMENT_TARGET = 15.2;
				MARKETING_VERSION = 1.0;
				PRODUCT_BUNDLE_IDENTIFIER = austinaj2.assignment1Tests;
				PRODUCT_NAME = "$(TARGET_NAME)";
				SWIFT_EMIT_LOC_STRINGS = NO;
				SWIFT_VERSION = 5.0;
				TARGETED_DEVICE_FAMILY = "1,2";
				TEST_HOST = "$(BUILT_PRODUCTS_DIR)/assignment1.app/assignment1";
			};
			name = Release;
		};
		84D2519527BC822900F0AD23 /* Debug */ = {
			isa = XCBuildConfiguration;
			buildSettings = {
				ALWAYS_EMBED_SWIFT_STANDARD_LIBRARIES = YES;
				CODE_SIGN_STYLE = Automatic;
				CURRENT_PROJECT_VERSION = 1;
				GENERATE_INFOPLIST_FILE = YES;
				MARKETING_VERSION = 1.0;
				PRODUCT_BUNDLE_IDENTIFIER = austinaj2.assignment1UITests;
				PRODUCT_NAME = "$(TARGET_NAME)";
				SWIFT_EMIT_LOC_STRINGS = NO;
				SWIFT_VERSION = 5.0;
				TARGETED_DEVICE_FAMILY = "1,2";
				TEST_TARGET_NAME = assignment1;
			};
			name = Debug;
		};
		84D2519627BC822900F0AD23 /* Release */ = {
			isa = XCBuildConfiguration;
			buildSettings = {
				ALWAYS_EMBED_SWIFT_STANDARD_LIBRARIES = YES;
				CODE_SIGN_STYLE = Automatic;
				CURRENT_PROJECT_VERSION = 1;
				GENERATE_INFOPLIST_FILE = YES;
				MARKETING_VERSION = 1.0;
				PRODUCT_BUNDLE_IDENTIFIER = austinaj2.assignment1UITests;
				PRODUCT_NAME = "$(TARGET_NAME)";
				SWIFT_EMIT_LOC_STRINGS = NO;
				SWIFT_VERSION = 5.0;
				TARGETED_DEVICE_FAMILY = "1,2";
				TEST_TARGET_NAME = assignment1;
			};
			name = Release;
		};
/* End XCBuildConfiguration section */

/* Begin XCConfigurationList section */
		84D2515F27BC822700F0AD23 /* Build configuration list for PBXProject "assignment1" */ = {
			isa = XCConfigurationList;
			buildConfigurations = (
				84D2518C27BC822900F0AD23 /* Debug */,
				84D2518D27BC822900F0AD23 /* Release */,
			);
			defaultConfigurationIsVisible = 0;
			defaultConfigurationName = Release;
		};
		84D2518E27BC822900F0AD23 /* Build configuration list for PBXNativeTarget "assignment1" */ = {
			isa = XCConfigurationList;
			buildConfigurations = (
				84D2518F27BC822900F0AD23 /* Debug */,
				84D2519027BC822900F0AD23 /* Release */,
			);
			defaultConfigurationIsVisible = 0;
			defaultConfigurationName = Release;
		};
		84D2519127BC822900F0AD23 /* Build configuration list for PBXNativeTarget "assignment1Tests" */ = {
			isa = XCConfigurationList;
			buildConfigurations = (
				84D2519227BC822900F0AD23 /* Debug */,
				84D2519327BC822900F0AD23 /* Release */,
			);
			defaultConfigurationIsVisible = 0;
			defaultConfigurationName = Release;
		};
		84D2519427BC822900F0AD23 /* Build configuration list for PBXNativeTarget "assignment1UITests" */ = {
			isa = XCConfigurationList;
			buildConfigurations = (
				84D2519527BC822900F0AD23 /* Debug */,
				84D2519627BC822900F0AD23 /* Release */,
			);
			defaultConfigurationIsVisible = 0;
			defaultConfigurationName = Release;
		};
/* End XCConfigurationList section */
	};
	rootObject = 84D2515C27BC822700F0AD23 /* Project object */;
}
